# This file was autogenerated by uv via the following command:
#    uv pip compile requirements-native-c.txt --python-version 3.11.9 --python-platform x86_64-unknown-linux-gnu --constraint requirements-institutional-ubuntu-py311.lock --generate-hashes --no-build --output-file requirements-native-c-ubuntu-py311.lock
iniconfig==2.3.0 \
    --hash=sha256:c76315c77db068650d49c5b56314774a7804df16fee4402c1f19d6d15d8c4730 \
    --hash=sha256:f631c04d2c48c52b84d0d0549c99ff3859c98df65b3101406327ecc7d53fbf12
    # via
    #   -c requirements-institutional-ubuntu-py311.lock
    #   pytest
packaging==25.0 \
    --hash=sha256:29572ef2b1f17581046b3a2227d5c611fb25ec70ca1ba8554b24b0e69331a484 \
    --hash=sha256:d443872c98d677bf60f6a1f2f8c1cb748e8fe762d2bf9d3148b5599295b0fc4f
    # via
    #   -c requirements-institutional-ubuntu-py311.lock
    #   pytest
pluggy==1.6.0 \
    --hash=sha256:7dcc130b76258d33b90f61b658791dede3486c3e6bfb003ee5c9bfb396dd22f3 \
    --hash=sha256:e920276dd6813095e9377c0bc5566d94c932c33b27a3e3945d8389c374dd4746
    # via
    #   -c requirements-institutional-ubuntu-py311.lock
    #   pytest
pygments==2.20.0 \
    --hash=sha256:6757cd03768053ff99f3039c1a36d6c0aa0b263438fcab17520b30a303a82b5f \
    --hash=sha256:81a9e26dd42fd28a23a2d169d86d7ac03b46e2f8b59ed4698fb4785f946d0176
    # via
    #   -c requirements-institutional-ubuntu-py311.lock
    #   pytest
pytest==9.1.0 \
    --hash=sha256:41dd9148c08072446394cefd3d79701701335a9f4cae69ba92e39f6c7f5c061c \
    --hash=sha256:8ebb0e7888bdf2bdfc602ec51f8f62d50200af37356c74e503c79a94f5c81f32
    # via
    #   -c requirements-institutional-ubuntu-py311.lock
    #   -r requirements-native-c.txt
ziglang==0.15.2 \
    --hash=sha256:04eb9c4135ef431487b920c73312cd3a5e754019839024eeed3521772d1585a2 \
    --hash=sha256:47af4f85e3e59bd672126cc026d3a01b516cad24b9a9ea075abfe8532f4c6bc1 \
    --hash=sha256:806316453d1ede7174ed3fefb8e5348154629089c3bb5fe812dfd0e172fac130 \
    --hash=sha256:85faefbd4cfe420de92aaa8f8300bec2b9afe8d1f1d8c5abf71bf92754682536 \
    --hash=sha256:978ebcc3c6c9624cbc999dd8dcb65427e7474650d9709a889aace8e325705ce2 \
    --hash=sha256:a81ebfc61e1b7aa43a33add23f93b98954d757434f894eb21bd40b176b6688aa \
    --hash=sha256:acae2a9ce67ed249ad68d42c21bc73b5f9d51a33ba5ea42f609f78683e8d9bb7 \
    --hash=sha256:ad43a4692311512ab55cc918596c814ff44fb811b1299fa9a57cc4e2bf315c6b \
    --hash=sha256:b174f7ebb9d1f2210d32d1420333120f6117ebee3de8b3e221e6ebb0c3beec4b \
    --hash=sha256:ca80dc9c70dbdfdd9ee51d000de3501a95d33d9782ab9ab9b56f700484ebcd83 \
    --hash=sha256:d3fe40825e18238e986b305cbf3a4d93a50461b893339e31c81b0d6c73f33937 \
    --hash=sha256:edc0aa60ec964a4cf462d40f68d7de242ddf37fd9a80f2afaee6397059463230
    # via -r requirements-native-c.txt
