{
  "name": "dashboard",
  "version": "1.0.0",
  "lockfileVersion": 3,
  "requires": true,
  "packages": {
    "": {
      "name": "dashboard",
      "version": "1.0.0",
      "license": "ISC",
      "dependencies": {
        "animejs": "^4.5.0",
        "echarts": "^6.1.0",
        "echarts-gl": "^2.1.0",
        "gsap": "^3.15.0",
        "postprocessing": "^6.39.4",
        "stats.js": "^0.17.0",
        "three": "^0.185.1"
      }
    },
    "node_modules/animejs": {
      "version": "4.5.0",
      "resolved": "https://registry.npmjs.org/animejs/-/animejs-4.5.0.tgz",
      "integrity": "sha512-NQimYX+lz8WaXonGS9zVVoviCIAjONeJayxacUditaivYLqyXgGjFKjuyl0aUUhFKm5MriX9ty1TGovNzoJQWA==",
      "license": "MIT",
      "funding": {
        "type": "github",
        "url": "https://github.com/sponsors/juliangarnier"
      },
      "peerDependencies": {
        "@types/three": ">=0.150.0",
        "three": ">=0.150.0"
      },
      "peerDependenciesMeta": {
        "@types/three": {
          "optional": true
        },
        "three": {
          "optional": true
        }
      }
    },
    "node_modules/claygl": {
      "version": "1.3.0",
      "resolved": "https://registry.npmjs.org/claygl/-/claygl-1.3.0.tgz",
      "integrity": "sha512-+gGtJjT6SSHD2l2yC3MCubW/sCV40tZuSs5opdtn79vFSGUgp/lH139RNEQ6Jy078/L0aV8odCw8RSrUcMfLaQ=="
    },
    "node_modules/echarts": {
      "version": "6.1.0",
      "resolved": "https://registry.npmjs.org/echarts/-/echarts-6.1.0.tgz",
      "integrity": "sha512-q0yaFPggC9FUdsWH4blavRWFmxdrIodbkoKNAjJudAI6CA9gNPxHtV2RcZNEepZVlk4yvBYkOkbk6HIVpIyHZA==",
      "license": "Apache-2.0",
      "dependencies": {
        "tslib": "2.3.0",
        "zrender": "6.1.0"
      }
    },
    "node_modules/echarts-gl": {
      "version": "2.1.0",
      "resolved": "https://registry.npmjs.org/echarts-gl/-/echarts-gl-2.1.0.tgz",
      "integrity": "sha512-GxzAPTYJyOANbu7InkdGV7QLLpVyuQWNvN1yyEEIiqgM11ilAO2OkvPNgRdf854R9ZPt/C1HAgjO8Udrj61lOQ==",
      "license": "MIT",
      "dependencies": {
        "claygl": "^1.2.1",
        "zrender": "^5.1.1 || ^6.0.0"
      },
      "peerDependencies": {
        "echarts": "^5.1.2 || ^6.0.0"
      }
    },
    "node_modules/gsap": {
      "version": "3.15.0",
      "resolved": "https://registry.npmjs.org/gsap/-/gsap-3.15.0.tgz",
      "integrity": "sha512-dMW4CWBTUK1AEEDeZc1g4xpPGIrSf9fJF960qbTZmN/QwZIWY5wgliS6JWl9/25fpTGJrMRtSjGtOmPnfjZB+A==",
      "license": "Standard 'no charge' license: https://gsap.com/standard-license."
    },
    "node_modules/postprocessing": {
      "version": "6.39.4",
      "resolved": "https://registry.npmjs.org/postprocessing/-/postprocessing-6.39.4.tgz",
      "integrity": "sha512-oAS/PjAbc/xT3OzjUrGsorJ4J064XwhVD2t0OwKLP/E8QwDMUJ0oOv6ZI1SYMtLchv4g0ySEx+JcLy92+48vlA==",
      "license": "Zlib",
      "peerDependencies": {
        "three": ">= 0.168.0 < 0.186.0"
      }
    },
    "node_modules/stats.js": {
      "version": "0.17.0",
      "resolved": "https://registry.npmjs.org/stats.js/-/stats.js-0.17.0.tgz",
      "integrity": "sha512-hNKz8phvYLPEcRkeG1rsGmV5ChMjKDAWU7/OJJdDErPBNChQXxCo3WZurGpnWc6gZhAzEPFad1aVgyOANH1sMw==",
      "license": "MIT"
    },
    "node_modules/three": {
      "version": "0.185.1",
      "resolved": "https://registry.npmjs.org/three/-/three-0.185.1.tgz",
      "integrity": "sha512-5aojFCXKwnjBRZvUnt3WFfEcvUJgkN5LlijRFN95hMy8WVkG4I0QNcJE+OuWvuJ0bOdStrbfXn0pkd6/QyiAlg==",
      "license": "MIT"
    },
    "node_modules/tslib": {
      "version": "2.3.0",
      "resolved": "https://registry.npmjs.org/tslib/-/tslib-2.3.0.tgz",
      "integrity": "sha512-N82ooyxVNm6h1riLCoyS9e3fuJ3AMG2zIZs2Gd1ATcSFjSA23Q0fzjjZeh0jbJvWVDZ0cJT8yaNNaaXHzueNjg==",
      "license": "0BSD"
    },
    "node_modules/zrender": {
      "version": "6.1.0",
      "resolved": "https://registry.npmjs.org/zrender/-/zrender-6.1.0.tgz",
      "integrity": "sha512-oEGMDB6pOP2S6OwRR4PdVv610zrjnA3Bh+JnSG12fYJlBKjtNAoEb5fSUoCOOINlH96I2fU38/A2UpRKs67xYQ==",
      "license": "BSD-3-Clause",
      "dependencies": {
        "tslib": "2.3.0"
      }
    }
  }
}
